// !$*UTF8*$!
{
	archiveVersion = 1;
	classes = {
	};
	objectVersion = 51;
	objects = {

/* Begin PBXBuildFile section */
		97120C51D4A0EEAD382CE1EB /* Pods_TinkoffChat.framework in Frameworks */ = {isa = PBXBuildFile; fileRef = DFDC143A0E06F4EE2A616F5A /* Pods_TinkoffChat.framework */; };
		EF08B64025D59BA70050FBA3 /* AppDelegate.swift in Sources */ = {isa = PBXBuildFile; fileRef = EF08B63F25D59BA70050FBA3 /* AppDelegate.swift */; };
		EF08B64925D59BA80050FBA3 /* Assets.xcassets in Resources */ = {isa = PBXBuildFile; fileRef = EF08B64825D59BA80050FBA3 /* Assets.xcassets */; };
		EF08B64C25D59BA80050FBA3 /* LaunchScreen.storyboard in Resources */ = {isa = PBXBuildFile; fileRef = EF08B64A25D59BA80050FBA3 /* LaunchScreen.storyboard */; };
		EF24E321262097F400A2B7B9 /* FetchedResultsControllerDelegate.swift in Sources */ = {isa = PBXBuildFile; fileRef = EF24E320262097F400A2B7B9 /* FetchedResultsControllerDelegate.swift */; };
		EF24E3242620996900A2B7B9 /* SelectedChannel.swift in Sources */ = {isa = PBXBuildFile; fileRef = EF24E3232620996900A2B7B9 /* SelectedChannel.swift */; };
		EF5CB632261DE165009E0EC1 /* ConversationTableManager.swift in Sources */ = {isa = PBXBuildFile; fileRef = EF5CB631261DE165009E0EC1 /* ConversationTableManager.swift */; };
		EF5CB785261E0484009E0EC1 /* MessageDb&MessageCellConfiguration.swift in Sources */ = {isa = PBXBuildFile; fileRef = EF5CB784261E0484009E0EC1 /* MessageDb&MessageCellConfiguration.swift */; };
		EF5CB788261E1240009E0EC1 /* ConversationListTableManager.swift in Sources */ = {isa = PBXBuildFile; fileRef = EF5CB787261E1240009E0EC1 /* ConversationListTableManager.swift */; };
		EF5CB79C261E1854009E0EC1 /* ChannelDb&ConversationCellConfiguration.swift in Sources */ = {isa = PBXBuildFile; fileRef = EF5CB79B261E1854009E0EC1 /* ChannelDb&ConversationCellConfiguration.swift */; };
		EF7CD04F25FF990E00EC4F0E /* UserSettings.swift in Sources */ = {isa = PBXBuildFile; fileRef = EF7CD04E25FF990E00EC4F0E /* UserSettings.swift */; };
		EF7CD05D2600AB8C00EC4F0E /* FileSerializeProtocol.swift in Sources */ = {isa = PBXBuildFile; fileRef = EF7CD05C2600AB8C00EC4F0E /* FileSerializeProtocol.swift */; };
		EF835BE625DFB29400906839 /* ProfileViewController.swift in Sources */ = {isa = PBXBuildFile; fileRef = EF835BE525DFB29400906839 /* ProfileViewController.swift */; };
		EF835BE925DFCB4D00906839 /* ImagePicker.swift in Sources */ = {isa = PBXBuildFile; fileRef = EF835BE825DFCB4D00906839 /* ImagePicker.swift */; };
		EF835BEC25E0362000906839 /* String.swift in Sources */ = {isa = PBXBuildFile; fileRef = EF835BEB25E0362000906839 /* String.swift */; };
		EF97C8DB260496520049B00C /* GoogleService-Info.plist in Resources */ = {isa = PBXBuildFile; fileRef = EF97C8DA260496520049B00C /* GoogleService-Info.plist */; };
		EF9A27922610F2DF006E0CF8 /* Chat.xcdatamodeld in Sources */ = {isa = PBXBuildFile; fileRef = EF9A27902610F2DF006E0CF8 /* Chat.xcdatamodeld */; };
		EF9A27962610F4E1006E0CF8 /* CoreDataStack.swift in Sources */ = {isa = PBXBuildFile; fileRef = EF9A27952610F4E1006E0CF8 /* CoreDataStack.swift */; };
		EF9BB92E25F4DEF3006D013A /* UIColor.swift in Sources */ = {isa = PBXBuildFile; fileRef = EF9BB92D25F4DEF3006D013A /* UIColor.swift */; };
		EF9BB93125F4E773006D013A /* IncomingMessageImageView.swift in Sources */ = {isa = PBXBuildFile; fileRef = EF9BB93025F4E773006D013A /* IncomingMessageImageView.swift */; };
		EF9BB93425F4E803006D013A /* OutgoingMessageImageView.swift in Sources */ = {isa = PBXBuildFile; fileRef = EF9BB93325F4E803006D013A /* OutgoingMessageImageView.swift */; };
		EF9BB93725F4E83E006D013A /* MessageTextView.swift in Sources */ = {isa = PBXBuildFile; fileRef = EF9BB93625F4E83E006D013A /* MessageTextView.swift */; };
		EF9BB93B25F4E9D8006D013A /* ThemesViewController.swift in Sources */ = {isa = PBXBuildFile; fileRef = EF9BB93A25F4E9D8006D013A /* ThemesViewController.swift */; };
		EFAEA38826236F9B00397C90 /* FileStorageProtocol.swift in Sources */ = {isa = PBXBuildFile; fileRef = EFAEA38726236F9B00397C90 /* FileStorageProtocol.swift */; };
		EFAEA3A12626D15B00397C90 /* RootAssembly.swift in Sources */ = {isa = PBXBuildFile; fileRef = EFAEA3A02626D15B00397C90 /* RootAssembly.swift */; };
		EFAEA3A72626D1F000397C90 /* PresentationAssembly.swift in Sources */ = {isa = PBXBuildFile; fileRef = EFAEA3A62626D1F000397C90 /* PresentationAssembly.swift */; };
		EFAEA3AB2626D29600397C90 /* PresentationAssemblyProtocol.swift in Sources */ = {isa = PBXBuildFile; fileRef = EFAEA3AA2626D29600397C90 /* PresentationAssemblyProtocol.swift */; };
		EFAEA3B02626D55900397C90 /* CoreAssembly.swift in Sources */ = {isa = PBXBuildFile; fileRef = EFAEA3AF2626D55900397C90 /* CoreAssembly.swift */; };
		EFAEA3B42626D63100397C90 /* CoreDataStackProtocol.swift in Sources */ = {isa = PBXBuildFile; fileRef = EFAEA3B32626D63100397C90 /* CoreDataStackProtocol.swift */; };
		EFAEA3BB2626D68500397C90 /* CoreDataManagerProtocol.swift in Sources */ = {isa = PBXBuildFile; fileRef = EFAEA3BA2626D68500397C90 /* CoreDataManagerProtocol.swift */; };
		EFAEA3C02626D69A00397C90 /* CoreDataManager.swift in Sources */ = {isa = PBXBuildFile; fileRef = EFAEA3BF2626D69A00397C90 /* CoreDataManager.swift */; };
		EFAEA3C52626DC4400397C90 /* ServicesAssembly.swift in Sources */ = {isa = PBXBuildFile; fileRef = EFAEA3C42626DC4400397C90 /* ServicesAssembly.swift */; };
		EFAEA3DA2626E3EF00397C90 /* DataManagerProtocol.swift in Sources */ = {isa = PBXBuildFile; fileRef = EFAEA3D92626E3EF00397C90 /* DataManagerProtocol.swift */; };
		EFAEA3DF2626E45500397C90 /* DataManager.swift in Sources */ = {isa = PBXBuildFile; fileRef = EFAEA3DE2626E45500397C90 /* DataManager.swift */; };
		EFAEA3E52626EA5600397C90 /* ThemeSwitcherServiceProtocol.swift in Sources */ = {isa = PBXBuildFile; fileRef = EFAEA3E42626EA5600397C90 /* ThemeSwitcherServiceProtocol.swift */; };
		EFAEA3E82626EA7700397C90 /* ThemeSwitcherService.swift in Sources */ = {isa = PBXBuildFile; fileRef = EFAEA3E72626EA7700397C90 /* ThemeSwitcherService.swift */; };
		EFAEA3F12627031500397C90 /* FirebaseService.swift in Sources */ = {isa = PBXBuildFile; fileRef = EFAEA3F02627031500397C90 /* FirebaseService.swift */; };
		EFAEA3F92627035F00397C90 /* FirebaseServiceProtocol.swift in Sources */ = {isa = PBXBuildFile; fileRef = EFAEA3F82627035F00397C90 /* FirebaseServiceProtocol.swift */; };
		EFAEA40126270ED700397C90 /* FirebaseParser.swift in Sources */ = {isa = PBXBuildFile; fileRef = EFAEA40026270ED700397C90 /* FirebaseParser.swift */; };
		EFAEA40526270F2100397C90 /* FirebaseParserProtocol.swift in Sources */ = {isa = PBXBuildFile; fileRef = EFAEA40426270F2100397C90 /* FirebaseParserProtocol.swift */; };
		EFAEA4092627165700397C90 /* ConversationsListDataModel.swift in Sources */ = {isa = PBXBuildFile; fileRef = EFAEA4082627165700397C90 /* ConversationsListDataModel.swift */; };
		EFAEA40F26272D5F00397C90 /* ConversationDataModel.swift in Sources */ = {isa = PBXBuildFile; fileRef = EFAEA40E26272D5F00397C90 /* ConversationDataModel.swift */; };
		EFAEA427262756C100397C90 /* SettingsServiceProtocol.swift in Sources */ = {isa = PBXBuildFile; fileRef = EFAEA426262756C100397C90 /* SettingsServiceProtocol.swift */; };
		EFAEA42A262756DE00397C90 /* SettingsService.swift in Sources */ = {isa = PBXBuildFile; fileRef = EFAEA429262756DE00397C90 /* SettingsService.swift */; };
		EFAEA4302627642800397C90 /* ThemesDataModel.swift in Sources */ = {isa = PBXBuildFile; fileRef = EFAEA42F2627642800397C90 /* ThemesDataModel.swift */; };
		EFBF508325F40205004F16C1 /* UserDefaultsCore.swift in Sources */ = {isa = PBXBuildFile; fileRef = EFBF508225F40205004F16C1 /* UserDefaultsCore.swift */; };
		EFCB115E2607B48F004389F4 /* MessageView.swift in Sources */ = {isa = PBXBuildFile; fileRef = EFCB115D2607B48F004389F4 /* MessageView.swift */; };
		EFD1347925F4F21200C398CE /* ThemeTypeView.swift in Sources */ = {isa = PBXBuildFile; fileRef = EFD1347825F4F21200C398CE /* ThemeTypeView.swift */; };
		EFD1348125F5050600C398CE /* ThemeType.swift in Sources */ = {isa = PBXBuildFile; fileRef = EFD1348025F5050600C398CE /* ThemeType.swift */; };
		EFD1348725F517D900C398CE /* MainTitleLabel.swift in Sources */ = {isa = PBXBuildFile; fileRef = EFD1348625F517D900C398CE /* MainTitleLabel.swift */; };
		EFD1348C25F5190100C398CE /* SubTitleLabel.swift in Sources */ = {isa = PBXBuildFile; fileRef = EFD1348B25F5190100C398CE /* SubTitleLabel.swift */; };
		EFD1348F25F51B0E00C398CE /* MainBackgroundView.swift in Sources */ = {isa = PBXBuildFile; fileRef = EFD1348E25F51B0E00C398CE /* MainBackgroundView.swift */; };
		EFD1349225F51D6000C398CE /* CustomButton.swift in Sources */ = {isa = PBXBuildFile; fileRef = EFD1349125F51D6000C398CE /* CustomButton.swift */; };
		EFD1349725F53D2C00C398CE /* ThemeControllerBackgroundView.swift in Sources */ = {isa = PBXBuildFile; fileRef = EFD1349625F53D2B00C398CE /* ThemeControllerBackgroundView.swift */; };
		EFDE1BD025D81E240016BD67 /* Constants.swift in Sources */ = {isa = PBXBuildFile; fileRef = EFDE1BCF25D81E240016BD67 /* Constants.swift */; };
		EFDE1BDD25D82B8F0016BD67 /* NSObjectProtocol.swift in Sources */ = {isa = PBXBuildFile; fileRef = EFDE1BDC25D82B8F0016BD67 /* NSObjectProtocol.swift */; };
		EFE436B625EC23C100869295 /* ConversationsListViewController.swift in Sources */ = {isa = PBXBuildFile; fileRef = EFE436B525EC23C100869295 /* ConversationsListViewController.swift */; };
		EFE436C225EC2BFD00869295 /* ConversationViewController.swift in Sources */ = {isa = PBXBuildFile; fileRef = EFE436C125EC2BFD00869295 /* ConversationViewController.swift */; };
		EFE436C725ECD86800869295 /* ConversationsListTableViewCell.swift in Sources */ = {isa = PBXBuildFile; fileRef = EFE436C625ECD86800869295 /* ConversationsListTableViewCell.swift */; };
		EFE436CA25ECE04C00869295 /* Channel.swift in Sources */ = {isa = PBXBuildFile; fileRef = EFE436C925ECE04C00869295 /* Channel.swift */; };
		EFE436D925ED512900869295 /* OutgoingMessageTableViewCell.swift in Sources */ = {isa = PBXBuildFile; fileRef = EFE436D825ED512900869295 /* OutgoingMessageTableViewCell.swift */; };
		EFE436E025ED71A200869295 /* IncomingMessageTableViewCell.swift in Sources */ = {isa = PBXBuildFile; fileRef = EFE436DF25ED71A200869295 /* IncomingMessageTableViewCell.swift */; };
		EFE436E325ED727000869295 /* MessageType.swift in Sources */ = {isa = PBXBuildFile; fileRef = EFE436E225ED727000869295 /* MessageType.swift */; };
		EFE436E625ED728A00869295 /* Message.swift in Sources */ = {isa = PBXBuildFile; fileRef = EFE436E525ED728A00869295 /* Message.swift */; };
		EFE436EA25EE290E00869295 /* MessageCellProtocol.swift in Sources */ = {isa = PBXBuildFile; fileRef = EFE436E925EE290E00869295 /* MessageCellProtocol.swift */; };
		EFE436FC25EE2A8000869295 /* MessageCellConfiguration.swift in Sources */ = {isa = PBXBuildFile; fileRef = EFE436FB25EE2A8000869295 /* MessageCellConfiguration.swift */; };
		EFE4370125EE2C4A00869295 /* ConversationCellConfiguration.swift in Sources */ = {isa = PBXBuildFile; fileRef = EFE4370025EE2C4A00869295 /* ConversationCellConfiguration.swift */; };
		EFEC1DC925FE373600194752 /* Profile.swift in Sources */ = {isa = PBXBuildFile; fileRef = EFEC1DC825FE373600194752 /* Profile.swift */; };
		EFEC1DCC25FE3C6800194752 /* UIViewController.swift in Sources */ = {isa = PBXBuildFile; fileRef = EFEC1DCB25FE3C6800194752 /* UIViewController.swift */; };
		EFEC1DD025FE545600194752 /* ProfileFileStorage.swift in Sources */ = {isa = PBXBuildFile; fileRef = EFEC1DCF25FE545600194752 /* ProfileFileStorage.swift */; };
		EFEC1DD525FE831E00194752 /* UIViewController+Alerts.swift in Sources */ = {isa = PBXBuildFile; fileRef = EFEC1DD425FE831E00194752 /* UIViewController+Alerts.swift */; };
		EFEC1DDB25FE8A1800194752 /* UIWindow.swift in Sources */ = {isa = PBXBuildFile; fileRef = EFEC1DDA25FE8A1800194752 /* UIWindow.swift */; };
/* End PBXBuildFile section */

/* Begin PBXFileReference section */
		7BA717A9282415C1079B5B90 /* Pods-TinkoffChat.debug.xcconfig */ = {isa = PBXFileReference; includeInIndex = 1; lastKnownFileType = text.xcconfig; name = "Pods-TinkoffChat.debug.xcconfig"; path = "Target Support Files/Pods-TinkoffChat/Pods-TinkoffChat.debug.xcconfig"; sourceTree = "<group>"; };
		D6E552369322AD319156B4D3 /* Pods-TinkoffChat.release.xcconfig */ = {isa = PBXFileReference; includeInIndex = 1; lastKnownFileType = text.xcconfig; name = "Pods-TinkoffChat.release.xcconfig"; path = "Target Support Files/Pods-TinkoffChat/Pods-TinkoffChat.release.xcconfig"; sourceTree = "<group>"; };
		DFDC143A0E06F4EE2A616F5A /* Pods_TinkoffChat.framework */ = {isa = PBXFileReference; explicitFileType = wrapper.framework; includeInIndex = 0; path = Pods_TinkoffChat.framework; sourceTree = BUILT_PRODUCTS_DIR; };
		EF08B63C25D59BA70050FBA3 /* TinkoffChat.app */ = {isa = PBXFileReference; explicitFileType = wrapper.application; includeInIndex = 0; path = TinkoffChat.app; sourceTree = BUILT_PRODUCTS_DIR; };
		EF08B63F25D59BA70050FBA3 /* AppDelegate.swift */ = {isa = PBXFileReference; lastKnownFileType = sourcecode.swift; path = AppDelegate.swift; sourceTree = "<group>"; };
		EF08B64825D59BA80050FBA3 /* Assets.xcassets */ = {isa = PBXFileReference; lastKnownFileType = folder.assetcatalog; path = Assets.xcassets; sourceTree = "<group>"; };
		EF08B64B25D59BA80050FBA3 /* Base */ = {isa = PBXFileReference; lastKnownFileType = file.storyboard; name = Base; path = Base.lproj/LaunchScreen.storyboard; sourceTree = "<group>"; };
		EF08B64D25D59BA80050FBA3 /* Info.plist */ = {isa = PBXFileReference; lastKnownFileType = text.plist.xml; path = Info.plist; sourceTree = "<group>"; };
		EF24E320262097F400A2B7B9 /* FetchedResultsControllerDelegate.swift */ = {isa = PBXFileReference; lastKnownFileType = sourcecode.swift; path = FetchedResultsControllerDelegate.swift; sourceTree = "<group>"; };
		EF24E3232620996900A2B7B9 /* SelectedChannel.swift */ = {isa = PBXFileReference; lastKnownFileType = sourcecode.swift; path = SelectedChannel.swift; sourceTree = "<group>"; };
		EF5CB631261DE165009E0EC1 /* ConversationTableManager.swift */ = {isa = PBXFileReference; lastKnownFileType = sourcecode.swift; path = ConversationTableManager.swift; sourceTree = "<group>"; };
		EF5CB784261E0484009E0EC1 /* MessageDb&MessageCellConfiguration.swift */ = {isa = PBXFileReference; lastKnownFileType = sourcecode.swift; path = "MessageDb&MessageCellConfiguration.swift"; sourceTree = "<group>"; };
		EF5CB787261E1240009E0EC1 /* ConversationListTableManager.swift */ = {isa = PBXFileReference; lastKnownFileType = sourcecode.swift; path = ConversationListTableManager.swift; sourceTree = "<group>"; };
		EF5CB79B261E1854009E0EC1 /* ChannelDb&ConversationCellConfiguration.swift */ = {isa = PBXFileReference; lastKnownFileType = sourcecode.swift; path = "ChannelDb&ConversationCellConfiguration.swift"; sourceTree = "<group>"; };
		EF7CD04E25FF990E00EC4F0E /* UserSettings.swift */ = {isa = PBXFileReference; lastKnownFileType = sourcecode.swift; path = UserSettings.swift; sourceTree = "<group>"; };
		EF7CD05C2600AB8C00EC4F0E /* FileSerializeProtocol.swift */ = {isa = PBXFileReference; lastKnownFileType = sourcecode.swift; path = FileSerializeProtocol.swift; sourceTree = "<group>"; };
		EF835BE525DFB29400906839 /* ProfileViewController.swift */ = {isa = PBXFileReference; lastKnownFileType = sourcecode.swift; path = ProfileViewController.swift; sourceTree = "<group>"; };
		EF835BE825DFCB4D00906839 /* ImagePicker.swift */ = {isa = PBXFileReference; lastKnownFileType = sourcecode.swift; path = ImagePicker.swift; sourceTree = "<group>"; };
		EF835BEB25E0362000906839 /* String.swift */ = {isa = PBXFileReference; lastKnownFileType = sourcecode.swift; path = String.swift; sourceTree = "<group>"; };
		EF97C8DA260496520049B00C /* GoogleService-Info.plist */ = {isa = PBXFileReference; fileEncoding = 4; lastKnownFileType = text.plist.xml; path = "GoogleService-Info.plist"; sourceTree = "<group>"; };
		EF9A27912610F2DF006E0CF8 /* Chat.xcdatamodel */ = {isa = PBXFileReference; lastKnownFileType = wrapper.xcdatamodel; path = Chat.xcdatamodel; sourceTree = "<group>"; };
		EF9A27952610F4E1006E0CF8 /* CoreDataStack.swift */ = {isa = PBXFileReference; lastKnownFileType = sourcecode.swift; path = CoreDataStack.swift; sourceTree = "<group>"; };
		EF9BB92D25F4DEF3006D013A /* UIColor.swift */ = {isa = PBXFileReference; lastKnownFileType = sourcecode.swift; path = UIColor.swift; sourceTree = "<group>"; };
		EF9BB93025F4E773006D013A /* IncomingMessageImageView.swift */ = {isa = PBXFileReference; lastKnownFileType = sourcecode.swift; path = IncomingMessageImageView.swift; sourceTree = "<group>"; };
		EF9BB93325F4E803006D013A /* OutgoingMessageImageView.swift */ = {isa = PBXFileReference; lastKnownFileType = sourcecode.swift; path = OutgoingMessageImageView.swift; sourceTree = "<group>"; };
		EF9BB93625F4E83E006D013A /* MessageTextView.swift */ = {isa = PBXFileReference; lastKnownFileType = sourcecode.swift; path = MessageTextView.swift; sourceTree = "<group>"; };
		EF9BB93A25F4E9D8006D013A /* ThemesViewController.swift */ = {isa = PBXFileReference; lastKnownFileType = sourcecode.swift; path = ThemesViewController.swift; sourceTree = "<group>"; };
		EFAEA38726236F9B00397C90 /* FileStorageProtocol.swift */ = {isa = PBXFileReference; lastKnownFileType = sourcecode.swift; path = FileStorageProtocol.swift; sourceTree = "<group>"; };
		EFAEA3A02626D15B00397C90 /* RootAssembly.swift */ = {isa = PBXFileReference; lastKnownFileType = sourcecode.swift; path = RootAssembly.swift; sourceTree = "<group>"; };
		EFAEA3A62626D1F000397C90 /* PresentationAssembly.swift */ = {isa = PBXFileReference; lastKnownFileType = sourcecode.swift; path = PresentationAssembly.swift; sourceTree = "<group>"; };
		EFAEA3AA2626D29600397C90 /* PresentationAssemblyProtocol.swift */ = {isa = PBXFileReference; lastKnownFileType = sourcecode.swift; path = PresentationAssemblyProtocol.swift; sourceTree = "<group>"; };
		EFAEA3AF2626D55900397C90 /* CoreAssembly.swift */ = {isa = PBXFileReference; lastKnownFileType = sourcecode.swift; path = CoreAssembly.swift; sourceTree = "<group>"; };
		EFAEA3B32626D63100397C90 /* CoreDataStackProtocol.swift */ = {isa = PBXFileReference; lastKnownFileType = sourcecode.swift; path = CoreDataStackProtocol.swift; sourceTree = "<group>"; };
		EFAEA3BA2626D68500397C90 /* CoreDataManagerProtocol.swift */ = {isa = PBXFileReference; lastKnownFileType = sourcecode.swift; path = CoreDataManagerProtocol.swift; sourceTree = "<group>"; };
		EFAEA3BF2626D69A00397C90 /* CoreDataManager.swift */ = {isa = PBXFileReference; lastKnownFileType = sourcecode.swift; path = CoreDataManager.swift; sourceTree = "<group>"; };
		EFAEA3C42626DC4400397C90 /* ServicesAssembly.swift */ = {isa = PBXFileReference; lastKnownFileType = sourcecode.swift; path = ServicesAssembly.swift; sourceTree = "<group>"; };
		EFAEA3D92626E3EF00397C90 /* DataManagerProtocol.swift */ = {isa = PBXFileReference; lastKnownFileType = sourcecode.swift; path = DataManagerProtocol.swift; sourceTree = "<group>"; };
		EFAEA3DE2626E45500397C90 /* DataManager.swift */ = {isa = PBXFileReference; lastKnownFileType = sourcecode.swift; path = DataManager.swift; sourceTree = "<group>"; };
		EFAEA3E42626EA5600397C90 /* ThemeSwitcherServiceProtocol.swift */ = {isa = PBXFileReference; lastKnownFileType = sourcecode.swift; path = ThemeSwitcherServiceProtocol.swift; sourceTree = "<group>"; };
		EFAEA3E72626EA7700397C90 /* ThemeSwitcherService.swift */ = {isa = PBXFileReference; lastKnownFileType = sourcecode.swift; path = ThemeSwitcherService.swift; sourceTree = "<group>"; };
		EFAEA3F02627031500397C90 /* FirebaseService.swift */ = {isa = PBXFileReference; lastKnownFileType = sourcecode.swift; path = FirebaseService.swift; sourceTree = "<group>"; };
		EFAEA3F82627035F00397C90 /* FirebaseServiceProtocol.swift */ = {isa = PBXFileReference; lastKnownFileType = sourcecode.swift; path = FirebaseServiceProtocol.swift; sourceTree = "<group>"; };
		EFAEA40026270ED700397C90 /* FirebaseParser.swift */ = {isa = PBXFileReference; lastKnownFileType = sourcecode.swift; path = FirebaseParser.swift; sourceTree = "<group>"; };
		EFAEA40426270F2100397C90 /* FirebaseParserProtocol.swift */ = {isa = PBXFileReference; lastKnownFileType = sourcecode.swift; path = FirebaseParserProtocol.swift; sourceTree = "<group>"; };
		EFAEA4082627165700397C90 /* ConversationsListDataModel.swift */ = {isa = PBXFileReference; lastKnownFileType = sourcecode.swift; path = ConversationsListDataModel.swift; sourceTree = "<group>"; };
		EFAEA40E26272D5F00397C90 /* ConversationDataModel.swift */ = {isa = PBXFileReference; lastKnownFileType = sourcecode.swift; path = ConversationDataModel.swift; sourceTree = "<group>"; };
		EFAEA426262756C100397C90 /* SettingsServiceProtocol.swift */ = {isa = PBXFileReference; lastKnownFileType = sourcecode.swift; path = SettingsServiceProtocol.swift; sourceTree = "<group>"; };
		EFAEA429262756DE00397C90 /* SettingsService.swift */ = {isa = PBXFileReference; lastKnownFileType = sourcecode.swift; path = SettingsService.swift; sourceTree = "<group>"; };
		EFAEA42F2627642800397C90 /* ThemesDataModel.swift */ = {isa = PBXFileReference; lastKnownFileType = sourcecode.swift; path = ThemesDataModel.swift; sourceTree = "<group>"; };
		EFBF508225F40205004F16C1 /* UserDefaultsCore.swift */ = {isa = PBXFileReference; lastKnownFileType = sourcecode.swift; path = UserDefaultsCore.swift; sourceTree = "<group>"; };
		EFCB115D2607B48F004389F4 /* MessageView.swift */ = {isa = PBXFileReference; lastKnownFileType = sourcecode.swift; path = MessageView.swift; sourceTree = "<group>"; };
		EFD1347825F4F21200C398CE /* ThemeTypeView.swift */ = {isa = PBXFileReference; lastKnownFileType = sourcecode.swift; path = ThemeTypeView.swift; sourceTree = "<group>"; };
		EFD1348025F5050600C398CE /* ThemeType.swift */ = {isa = PBXFileReference; lastKnownFileType = sourcecode.swift; path = ThemeType.swift; sourceTree = "<group>"; };
		EFD1348625F517D900C398CE /* MainTitleLabel.swift */ = {isa = PBXFileReference; lastKnownFileType = sourcecode.swift; path = MainTitleLabel.swift; sourceTree = "<group>"; };
		EFD1348B25F5190100C398CE /* SubTitleLabel.swift */ = {isa = PBXFileReference; lastKnownFileType = sourcecode.swift; path = SubTitleLabel.swift; sourceTree = "<group>"; };
		EFD1348E25F51B0E00C398CE /* MainBackgroundView.swift */ = {isa = PBXFileReference; lastKnownFileType = sourcecode.swift; path = MainBackgroundView.swift; sourceTree = "<group>"; };
		EFD1349125F51D6000C398CE /* CustomButton.swift */ = {isa = PBXFileReference; lastKnownFileType = sourcecode.swift; path = CustomButton.swift; sourceTree = "<group>"; };
		EFD1349625F53D2B00C398CE /* ThemeControllerBackgroundView.swift */ = {isa = PBXFileReference; lastKnownFileType = sourcecode.swift; path = ThemeControllerBackgroundView.swift; sourceTree = "<group>"; };
		EFDE1BCF25D81E240016BD67 /* Constants.swift */ = {isa = PBXFileReference; lastKnownFileType = sourcecode.swift; path = Constants.swift; sourceTree = "<group>"; };
		EFDE1BDC25D82B8F0016BD67 /* NSObjectProtocol.swift */ = {isa = PBXFileReference; lastKnownFileType = sourcecode.swift; path = NSObjectProtocol.swift; sourceTree = "<group>"; };
		EFE436B525EC23C100869295 /* ConversationsListViewController.swift */ = {isa = PBXFileReference; lastKnownFileType = sourcecode.swift; path = ConversationsListViewController.swift; sourceTree = "<group>"; };
		EFE436C125EC2BFD00869295 /* ConversationViewController.swift */ = {isa = PBXFileReference; lastKnownFileType = sourcecode.swift; path = ConversationViewController.swift; sourceTree = "<group>"; };
		EFE436C625ECD86800869295 /* ConversationsListTableViewCell.swift */ = {isa = PBXFileReference; lastKnownFileType = sourcecode.swift; path = ConversationsListTableViewCell.swift; sourceTree = "<group>"; };
		EFE436C925ECE04C00869295 /* Channel.swift */ = {isa = PBXFileReference; lastKnownFileType = sourcecode.swift; path = Channel.swift; sourceTree = "<group>"; };
		EFE436D825ED512900869295 /* OutgoingMessageTableViewCell.swift */ = {isa = PBXFileReference; lastKnownFileType = sourcecode.swift; path = OutgoingMessageTableViewCell.swift; sourceTree = "<group>"; };
		EFE436DF25ED71A200869295 /* IncomingMessageTableViewCell.swift */ = {isa = PBXFileReference; lastKnownFileType = sourcecode.swift; path = IncomingMessageTableViewCell.swift; sourceTree = "<group>"; };
		EFE436E225ED727000869295 /* MessageType.swift */ = {isa = PBXFileReference; lastKnownFileType = sourcecode.swift; path = MessageType.swift; sourceTree = "<group>"; };
		EFE436E525ED728A00869295 /* Message.swift */ = {isa = PBXFileReference; lastKnownFileType = sourcecode.swift; path = Message.swift; sourceTree = "<group>"; };
		EFE436E925EE290E00869295 /* MessageCellProtocol.swift */ = {isa = PBXFileReference; lastKnownFileType = sourcecode.swift; path = MessageCellProtocol.swift; sourceTree = "<group>"; };
		EFE436FB25EE2A8000869295 /* MessageCellConfiguration.swift */ = {isa = PBXFileReference; lastKnownFileType = sourcecode.swift; path = MessageCellConfiguration.swift; sourceTree = "<group>"; };
		EFE4370025EE2C4A00869295 /* ConversationCellConfiguration.swift */ = {isa = PBXFileReference; lastKnownFileType = sourcecode.swift; path = ConversationCellConfiguration.swift; sourceTree = "<group>"; };
		EFEC1DC825FE373600194752 /* Profile.swift */ = {isa = PBXFileReference; lastKnownFileType = sourcecode.swift; path = Profile.swift; sourceTree = "<group>"; };
		EFEC1DCB25FE3C6800194752 /* UIViewController.swift */ = {isa = PBXFileReference; lastKnownFileType = sourcecode.swift; path = UIViewController.swift; sourceTree = "<group>"; };
		EFEC1DCF25FE545600194752 /* ProfileFileStorage.swift */ = {isa = PBXFileReference; lastKnownFileType = sourcecode.swift; path = ProfileFileStorage.swift; sourceTree = "<group>"; };
		EFEC1DD425FE831E00194752 /* UIViewController+Alerts.swift */ = {isa = PBXFileReference; lastKnownFileType = sourcecode.swift; path = "UIViewController+Alerts.swift"; sourceTree = "<group>"; };
		EFEC1DDA25FE8A1800194752 /* UIWindow.swift */ = {isa = PBXFileReference; lastKnownFileType = sourcecode.swift; path = UIWindow.swift; sourceTree = "<group>"; };
/* End PBXFileReference section */

/* Begin PBXFrameworksBuildPhase section */
		EF08B63925D59BA70050FBA3 /* Frameworks */ = {
			isa = PBXFrameworksBuildPhase;
			buildActionMask = 2147483647;
			files = (
				97120C51D4A0EEAD382CE1EB /* Pods_TinkoffChat.framework in Frameworks */,
			);
			runOnlyForDeploymentPostprocessing = 0;
		};
/* End PBXFrameworksBuildPhase section */

/* Begin PBXGroup section */
		70B7603C70E08E9684714CFB /* Frameworks */ = {
			isa = PBXGroup;
			children = (
				DFDC143A0E06F4EE2A616F5A /* Pods_TinkoffChat.framework */,
			);
			name = Frameworks;
			sourceTree = "<group>";
		};
		EB4DE1D51E48CE4925D360C3 /* Pods */ = {
			isa = PBXGroup;
			children = (
				7BA717A9282415C1079B5B90 /* Pods-TinkoffChat.debug.xcconfig */,
				D6E552369322AD319156B4D3 /* Pods-TinkoffChat.release.xcconfig */,
			);
			path = Pods;
			sourceTree = "<group>";
		};
		EF08B63325D59BA70050FBA3 = {
			isa = PBXGroup;
			children = (
				EF08B63E25D59BA70050FBA3 /* TinkoffChat */,
				EF08B63D25D59BA70050FBA3 /* Products */,
				EB4DE1D51E48CE4925D360C3 /* Pods */,
				70B7603C70E08E9684714CFB /* Frameworks */,
			);
			sourceTree = "<group>";
		};
		EF08B63D25D59BA70050FBA3 /* Products */ = {
			isa = PBXGroup;
			children = (
				EF08B63C25D59BA70050FBA3 /* TinkoffChat.app */,
			);
			name = Products;
			sourceTree = "<group>";
		};
		EF08B63E25D59BA70050FBA3 /* TinkoffChat */ = {
			isa = PBXGroup;
			children = (
				EFDE1BD625D82AC80016BD67 /* ApplicationLayer */,
				EFAEA37F262369A900397C90 /* CoreLayer */,
				EFBF508125F401FB004F16C1 /* ServiceLayer */,
				EFDE1BE025D82BD90016BD67 /* PresentationLayer */,
				EFDE1BD925D82B200016BD67 /* Support */,
				EFDE1BD825D82B190016BD67 /* Resources */,
				EF7CD0572600A97500EC4F0E /* inWork */,
			);
			path = TinkoffChat;
			sourceTree = "<group>";
		};
		EF7CD0572600A97500EC4F0E /* inWork */ = {
			isa = PBXGroup;
			children = (
				EF7CD05C2600AB8C00EC4F0E /* FileSerializeProtocol.swift */,
				EFAEA38726236F9B00397C90 /* FileStorageProtocol.swift */,
				EFEC1DCF25FE545600194752 /* ProfileFileStorage.swift */,
			);
			path = inWork;
			sourceTree = "<group>";
		};
		EF9A27942610F4BF006E0CF8 /* CoreDataStack */ = {
			isa = PBXGroup;
			children = (
				EFAEA3B32626D63100397C90 /* CoreDataStackProtocol.swift */,
				EF9A27952610F4E1006E0CF8 /* CoreDataStack.swift */,
				EFAEA391262386D000397C90 /* Entities */,
			);
			path = CoreDataStack;
			sourceTree = "<group>";
		};
		EFAEA37F262369A900397C90 /* CoreLayer */ = {
			isa = PBXGroup;
			children = (
				EFAEA3AE2626D52E00397C90 /* Assembly */,
				EFAEA3FF26270EC600397C90 /* FirebaseParser */,
				EFAEA3D72626E3D200397C90 /* DataManager */,
				EF9A27942610F4BF006E0CF8 /* CoreDataStack */,
				EFAEA3B82626D65600397C90 /* CoreDataManager */,
				EFAEA42C2627603500397C90 /* UserDefaultsCore */,
			);
			path = CoreLayer;
			sourceTree = "<group>";
		};
		EFAEA391262386D000397C90 /* Entities */ = {
			isa = PBXGroup;
			children = (
				EF5CB784261E0484009E0EC1 /* MessageDb&MessageCellConfiguration.swift */,
				EF5CB79B261E1854009E0EC1 /* ChannelDb&ConversationCellConfiguration.swift */,
			);
			path = Entities;
			sourceTree = "<group>";
		};
		EFAEA39E2626D10D00397C90 /* AppDelegate */ = {
			isa = PBXGroup;
			children = (
				EF08B63F25D59BA70050FBA3 /* AppDelegate.swift */,
			);
			path = AppDelegate;
			sourceTree = "<group>";
		};
		EFAEA3A32626D1B500397C90 /* Assembly */ = {
			isa = PBXGroup;
			children = (
				EFAEA3A02626D15B00397C90 /* RootAssembly.swift */,
			);
			path = Assembly;
			sourceTree = "<group>";
		};
		EFAEA3A52626D1E000397C90 /* Assembly */ = {
			isa = PBXGroup;
			children = (
				EFAEA3A62626D1F000397C90 /* PresentationAssembly.swift */,
			);
			path = Assembly;
			sourceTree = "<group>";
		};
		EFAEA3A92626D28100397C90 /* Protocols */ = {
			isa = PBXGroup;
			children = (
				EFAEA3AA2626D29600397C90 /* PresentationAssemblyProtocol.swift */,
			);
			path = Protocols;
			sourceTree = "<group>";
		};
		EFAEA3AD2626D4FA00397C90 /* UserStories */ = {
			isa = PBXGroup;
			children = (
				EFE436BB25EC2B7300869295 /* ConversationsList */,
				EFE436C025EC2BF100869295 /* Conversation */,
				EFD1347C25F504B300C398CE /* Settings */,
				EFE436BD25EC2B7D00869295 /* Profile */,
				EFAEA42126274AE400397C90 /* ImagePicker */,
			);
			path = UserStories;
			sourceTree = "<group>";
		};
		EFAEA3AE2626D52E00397C90 /* Assembly */ = {
			isa = PBXGroup;
			children = (
				EFAEA3AF2626D55900397C90 /* CoreAssembly.swift */,
			);
			path = Assembly;
			sourceTree = "<group>";
		};
		EFAEA3B82626D65600397C90 /* CoreDataManager */ = {
			isa = PBXGroup;
			children = (
				EFAEA3BA2626D68500397C90 /* CoreDataManagerProtocol.swift */,
				EFAEA3BF2626D69A00397C90 /* CoreDataManager.swift */,
			);
			path = CoreDataManager;
			sourceTree = "<group>";
		};
		EFAEA3C32626DBFE00397C90 /* Assembly */ = {
			isa = PBXGroup;
			children = (
				EFAEA3C42626DC4400397C90 /* ServicesAssembly.swift */,
			);
			path = Assembly;
			sourceTree = "<group>";
		};
		EFAEA3C72626DD5E00397C90 /* Services */ = {
			isa = PBXGroup;
			children = (
				EFAEA4252627569800397C90 /* SettingsService */,
				EFAEA3F32627031C00397C90 /* FirebaseService */,
				EFAEA3E12626EA2100397C90 /* ThemeSwitcherService */,
			);
			path = Services;
			sourceTree = "<group>";
		};
		EFAEA3D72626E3D200397C90 /* DataManager */ = {
			isa = PBXGroup;
			children = (
				EFAEA3D92626E3EF00397C90 /* DataManagerProtocol.swift */,
				EFAEA3DE2626E45500397C90 /* DataManager.swift */,
			);
			path = DataManager;
			sourceTree = "<group>";
		};
		EFAEA3E12626EA2100397C90 /* ThemeSwitcherService */ = {
			isa = PBXGroup;
			children = (
				EFAEA3E42626EA5600397C90 /* ThemeSwitcherServiceProtocol.swift */,
				EFAEA3E72626EA7700397C90 /* ThemeSwitcherService.swift */,
				EFAEA3EB2626EE7F00397C90 /* Entity */,
			);
			path = ThemeSwitcherService;
			sourceTree = "<group>";
		};
		EFAEA3EB2626EE7F00397C90 /* Entity */ = {
			isa = PBXGroup;
			children = (
				EFD1348025F5050600C398CE /* ThemeType.swift */,
			);
			path = Entity;
			sourceTree = "<group>";
		};
		EFAEA3F32627031C00397C90 /* FirebaseService */ = {
			isa = PBXGroup;
			children = (
				EFAEA3F82627035F00397C90 /* FirebaseServiceProtocol.swift */,
				EFAEA3F02627031500397C90 /* FirebaseService.swift */,
			);
			path = FirebaseService;
			sourceTree = "<group>";
		};
		EFAEA3FF26270EC600397C90 /* FirebaseParser */ = {
			isa = PBXGroup;
			children = (
				EFAEA40426270F2100397C90 /* FirebaseParserProtocol.swift */,
				EFAEA40026270ED700397C90 /* FirebaseParser.swift */,
			);
			path = FirebaseParser;
			sourceTree = "<group>";
		};
		EFAEA4132627472C00397C90 /* Models */ = {
			isa = PBXGroup;
			children = (
				EFAEA4082627165700397C90 /* ConversationsListDataModel.swift */,
			);
			path = Models;
			sourceTree = "<group>";
		};
		EFAEA416262747A100397C90 /* Models */ = {
			isa = PBXGroup;
			children = (
				EFAEA40E26272D5F00397C90 /* ConversationDataModel.swift */,
			);
			path = Models;
			sourceTree = "<group>";
		};
		EFAEA42126274AE400397C90 /* ImagePicker */ = {
			isa = PBXGroup;
			children = (
				EF835BE825DFCB4D00906839 /* ImagePicker.swift */,
			);
			path = ImagePicker;
			sourceTree = "<group>";
		};
		EFAEA4252627569800397C90 /* SettingsService */ = {
			isa = PBXGroup;
			children = (
				EFAEA426262756C100397C90 /* SettingsServiceProtocol.swift */,
				EFAEA429262756DE00397C90 /* SettingsService.swift */,
			);
			path = SettingsService;
			sourceTree = "<group>";
		};
		EFAEA42C2627603500397C90 /* UserDefaultsCore */ = {
			isa = PBXGroup;
			children = (
				EFBF508225F40205004F16C1 /* UserDefaultsCore.swift */,
			);
			path = UserDefaultsCore;
			sourceTree = "<group>";
		};
		EFAEA432262769C400397C90 /* Models */ = {
			isa = PBXGroup;
			children = (
				EFAEA42F2627642800397C90 /* ThemesDataModel.swift */,
			);
			path = Models;
			sourceTree = "<group>";
		};
		EFBF508125F401FB004F16C1 /* ServiceLayer */ = {
			isa = PBXGroup;
			children = (
				EFAEA3C32626DBFE00397C90 /* Assembly */,
				EFAEA3C72626DD5E00397C90 /* Services */,
			);
			path = ServiceLayer;
			sourceTree = "<group>";
		};
		EFD1347C25F504B300C398CE /* Settings */ = {
			isa = PBXGroup;
			children = (
				EFD1347D25F504BB00C398CE /* Controllers */,
				EFD1347E25F504C400C398CE /* Views */,
				EFAEA432262769C400397C90 /* Models */,
				EFD1347F25F504E400C398CE /* Entities */,
			);
			path = Settings;
			sourceTree = "<group>";
		};
		EFD1347D25F504BB00C398CE /* Controllers */ = {
			isa = PBXGroup;
			children = (
				EF9BB93A25F4E9D8006D013A /* ThemesViewController.swift */,
			);
			path = Controllers;
			sourceTree = "<group>";
		};
		EFD1347E25F504C400C398CE /* Views */ = {
			isa = PBXGroup;
			children = (
				EFD1347825F4F21200C398CE /* ThemeTypeView.swift */,
			);
			path = Views;
			sourceTree = "<group>";
		};
		EFD1347F25F504E400C398CE /* Entities */ = {
			isa = PBXGroup;
			children = (
				EF7CD04E25FF990E00EC4F0E /* UserSettings.swift */,
			);
			path = Entities;
			sourceTree = "<group>";
		};
		EFD1348925F518B100C398CE /* Common */ = {
			isa = PBXGroup;
			children = (
				EFD1348625F517D900C398CE /* MainTitleLabel.swift */,
				EFD1348B25F5190100C398CE /* SubTitleLabel.swift */,
				EFD1348E25F51B0E00C398CE /* MainBackgroundView.swift */,
				EFD1349125F51D6000C398CE /* CustomButton.swift */,
				EFD1349625F53D2B00C398CE /* ThemeControllerBackgroundView.swift */,
				EFCB115D2607B48F004389F4 /* MessageView.swift */,
			);
			path = Common;
			sourceTree = "<group>";
		};
		EFDE1BD625D82AC80016BD67 /* ApplicationLayer */ = {
			isa = PBXGroup;
			children = (
				EFAEA3A32626D1B500397C90 /* Assembly */,
				EFAEA39E2626D10D00397C90 /* AppDelegate */,
			);
			path = ApplicationLayer;
			sourceTree = "<group>";
		};
		EFDE1BD825D82B190016BD67 /* Resources */ = {
			isa = PBXGroup;
			children = (
				EFDE1BCF25D81E240016BD67 /* Constants.swift */,
				EF08B64825D59BA80050FBA3 /* Assets.xcassets */,
				EF9A27902610F2DF006E0CF8 /* Chat.xcdatamodeld */,
				EF08B64A25D59BA80050FBA3 /* LaunchScreen.storyboard */,
				EF08B64D25D59BA80050FBA3 /* Info.plist */,
				EF97C8DA260496520049B00C /* GoogleService-Info.plist */,
			);
			path = Resources;
			sourceTree = "<group>";
		};
		EFDE1BD925D82B200016BD67 /* Support */ = {
			isa = PBXGroup;
			children = (
				EF24E320262097F400A2B7B9 /* FetchedResultsControllerDelegate.swift */,
				EFDE1BDB25D82B720016BD67 /* Extensions */,
			);
			path = Support;
			sourceTree = "<group>";
		};
		EFDE1BDB25D82B720016BD67 /* Extensions */ = {
			isa = PBXGroup;
			children = (
				EFDE1BDC25D82B8F0016BD67 /* NSObjectProtocol.swift */,
				EF835BEB25E0362000906839 /* String.swift */,
				EF9BB92D25F4DEF3006D013A /* UIColor.swift */,
				EFEC1DCB25FE3C6800194752 /* UIViewController.swift */,
				EFEC1DD425FE831E00194752 /* UIViewController+Alerts.swift */,
				EFEC1DDA25FE8A1800194752 /* UIWindow.swift */,
			);
			path = Extensions;
			sourceTree = "<group>";
		};
		EFDE1BE025D82BD90016BD67 /* PresentationLayer */ = {
			isa = PBXGroup;
			children = (
				EFAEA3A52626D1E000397C90 /* Assembly */,
				EFAEA3AD2626D4FA00397C90 /* UserStories */,
				EFAEA3A92626D28100397C90 /* Protocols */,
				EFD1348925F518B100C398CE /* Common */,
			);
			path = PresentationLayer;
			sourceTree = "<group>";
		};
		EFE436BB25EC2B7300869295 /* ConversationsList */ = {
			isa = PBXGroup;
			children = (
				EFE436ED25EE295000869295 /* Controller */,
				EFE436EE25EE295800869295 /* View */,
				EFAEA4132627472C00397C90 /* Models */,
				EFE436F125EE29B600869295 /* Entities */,
				EFE436FF25EE2C3D00869295 /* Protocols */,
			);
			path = ConversationsList;
			sourceTree = "<group>";
		};
		EFE436BD25EC2B7D00869295 /* Profile */ = {
			isa = PBXGroup;
			children = (
				EFEC1DED25FE915800194752 /* Controllers */,
				EFEC1DEE25FE916700194752 /* Entities */,
			);
			path = Profile;
			sourceTree = "<group>";
		};
		EFE436C025EC2BF100869295 /* Conversation */ = {
			isa = PBXGroup;
			children = (
				EFE436F325EE29C600869295 /* Controller */,
				EFE436F525EE29CE00869295 /* Views */,
				EFAEA416262747A100397C90 /* Models */,
				EFE436F725EE29F700869295 /* Entities */,
				EFE436F925EE2A7000869295 /* Protocols */,
			);
			path = Conversation;
			sourceTree = "<group>";
		};
		EFE436ED25EE295000869295 /* Controller */ = {
			isa = PBXGroup;
			children = (
				EFE436B525EC23C100869295 /* ConversationsListViewController.swift */,
				EF5CB787261E1240009E0EC1 /* ConversationListTableManager.swift */,
			);
			path = Controller;
			sourceTree = "<group>";
		};
		EFE436EE25EE295800869295 /* View */ = {
			isa = PBXGroup;
			children = (
				EFE436C625ECD86800869295 /* ConversationsListTableViewCell.swift */,
			);
			path = View;
			sourceTree = "<group>";
		};
		EFE436F125EE29B600869295 /* Entities */ = {
			isa = PBXGroup;
			children = (
				EFE436C925ECE04C00869295 /* Channel.swift */,
				EF24E3232620996900A2B7B9 /* SelectedChannel.swift */,
			);
			path = Entities;
			sourceTree = "<group>";
		};
		EFE436F325EE29C600869295 /* Controller */ = {
			isa = PBXGroup;
			children = (
				EFE436C125EC2BFD00869295 /* ConversationViewController.swift */,
				EF5CB631261DE165009E0EC1 /* ConversationTableManager.swift */,
			);
			path = Controller;
			sourceTree = "<group>";
		};
		EFE436F525EE29CE00869295 /* Views */ = {
			isa = PBXGroup;
			children = (
				EFE436DF25ED71A200869295 /* IncomingMessageTableViewCell.swift */,
				EF9BB93025F4E773006D013A /* IncomingMessageImageView.swift */,
				EFE436D825ED512900869295 /* OutgoingMessageTableViewCell.swift */,
				EF9BB93325F4E803006D013A /* OutgoingMessageImageView.swift */,
				EF9BB93625F4E83E006D013A /* MessageTextView.swift */,
			);
			path = Views;
			sourceTree = "<group>";
		};
		EFE436F725EE29F700869295 /* Entities */ = {
			isa = PBXGroup;
			children = (
				EFE436E225ED727000869295 /* MessageType.swift */,
				EFE436E525ED728A00869295 /* Message.swift */,
			);
			path = Entities;
			sourceTree = "<group>";
		};
		EFE436F925EE2A7000869295 /* Protocols */ = {
			isa = PBXGroup;
			children = (
				EFE436E925EE290E00869295 /* MessageCellProtocol.swift */,
				EFE436FB25EE2A8000869295 /* MessageCellConfiguration.swift */,
			);
			path = Protocols;
			sourceTree = "<group>";
		};
		EFE436FF25EE2C3D00869295 /* Protocols */ = {
			isa = PBXGroup;
			children = (
				EFE4370025EE2C4A00869295 /* ConversationCellConfiguration.swift */,
			);
			path = Protocols;
			sourceTree = "<group>";
		};
		EFEC1DED25FE915800194752 /* Controllers */ = {
			isa = PBXGroup;
			children = (
				EF835BE525DFB29400906839 /* ProfileViewController.swift */,
			);
			path = Controllers;
			sourceTree = "<group>";
		};
		EFEC1DEE25FE916700194752 /* Entities */ = {
			isa = PBXGroup;
			children = (
				EFEC1DC825FE373600194752 /* Profile.swift */,
			);
			name = Entities;
			sourceTree = "<group>";
		};
/* End PBXGroup section */

/* Begin PBXNativeTarget section */
		EF08B63B25D59BA70050FBA3 /* TinkoffChat */ = {
			isa = PBXNativeTarget;
			buildConfigurationList = EF08B65025D59BA80050FBA3 /* Build configuration list for PBXNativeTarget "TinkoffChat" */;
			buildPhases = (
				50B759C22CA96DE4C5DB803B /* [CP] Check Pods Manifest.lock */,
				EF08B63825D59BA70050FBA3 /* Sources */,
				EF08B63925D59BA70050FBA3 /* Frameworks */,
				EF08B63A25D59BA70050FBA3 /* Resources */,
				DE627B24E51D1EC8098A084B /* [CP] Embed Pods Frameworks */,
				EF97C8D826048D680049B00C /* ShellScript */,
			);
			buildRules = (
			);
			dependencies = (
			);
			name = TinkoffChat;
			productName = TinkoffChat;
			productReference = EF08B63C25D59BA70050FBA3 /* TinkoffChat.app */;
			productType = "com.apple.product-type.application";
		};
/* End PBXNativeTarget section */

/* Begin PBXProject section */
		EF08B63425D59BA70050FBA3 /* Project object */ = {
			isa = PBXProject;
			attributes = {
				LastSwiftUpdateCheck = 1240;
				LastUpgradeCheck = 1240;
				TargetAttributes = {
					EF08B63B25D59BA70050FBA3 = {
						CreatedOnToolsVersion = 12.4;
					};
				};
			};
			buildConfigurationList = EF08B63725D59BA70050FBA3 /* Build configuration list for PBXProject "TinkoffChat" */;
			compatibilityVersion = "Xcode 9.3";
			developmentRegion = en;
			hasScannedForEncodings = 0;
			knownRegions = (
				en,
				Base,
			);
			mainGroup = EF08B63325D59BA70050FBA3;
			productRefGroup = EF08B63D25D59BA70050FBA3 /* Products */;
			projectDirPath = "";
			projectRoot = "";
			targets = (
				EF08B63B25D59BA70050FBA3 /* TinkoffChat */,
			);
		};
/* End PBXProject section */

/* Begin PBXResourcesBuildPhase section */
		EF08B63A25D59BA70050FBA3 /* Resources */ = {
			isa = PBXResourcesBuildPhase;
			buildActionMask = 2147483647;
			files = (
				EF08B64C25D59BA80050FBA3 /* LaunchScreen.storyboard in Resources */,
				EF08B64925D59BA80050FBA3 /* Assets.xcassets in Resources */,
				EF97C8DB260496520049B00C /* GoogleService-Info.plist in Resources */,
			);
			runOnlyForDeploymentPostprocessing = 0;
		};
/* End PBXResourcesBuildPhase section */

/* Begin PBXShellScriptBuildPhase section */
		50B759C22CA96DE4C5DB803B /* [CP] Check Pods Manifest.lock */ = {
			isa = PBXShellScriptBuildPhase;
			buildActionMask = 2147483647;
			files = (
			);
			inputFileListPaths = (
			);
			inputPaths = (
				"${PODS_PODFILE_DIR_PATH}/Podfile.lock",
				"${PODS_ROOT}/Manifest.lock",
			);
			name = "[CP] Check Pods Manifest.lock";
			outputFileListPaths = (
			);
			outputPaths = (
				"$(DERIVED_FILE_DIR)/Pods-TinkoffChat-checkManifestLockResult.txt",
			);
			runOnlyForDeploymentPostprocessing = 0;
			shellPath = /bin/sh;
			shellScript = "diff \"${PODS_PODFILE_DIR_PATH}/Podfile.lock\" \"${PODS_ROOT}/Manifest.lock\" > /dev/null\nif [ $? != 0 ] ; then\n    # print error to STDERR\n    echo \"error: The sandbox is not in sync with the Podfile.lock. Run 'pod install' or update your CocoaPods installation.\" >&2\n    exit 1\nfi\n# This output is used by Xcode 'outputs' to avoid re-running this script phase.\necho \"SUCCESS\" > \"${SCRIPT_OUTPUT_FILE_0}\"\n";
			showEnvVarsInLog = 0;
		};
		DE627B24E51D1EC8098A084B /* [CP] Embed Pods Frameworks */ = {
			isa = PBXShellScriptBuildPhase;
			buildActionMask = 2147483647;
			files = (
			);
			inputFileListPaths = (
				"${PODS_ROOT}/Target Support Files/Pods-TinkoffChat/Pods-TinkoffChat-frameworks-${CONFIGURATION}-input-files.xcfilelist",
			);
			name = "[CP] Embed Pods Frameworks";
			outputFileListPaths = (
				"${PODS_ROOT}/Target Support Files/Pods-TinkoffChat/Pods-TinkoffChat-frameworks-${CONFIGURATION}-output-files.xcfilelist",
			);
			runOnlyForDeploymentPostprocessing = 0;
			shellPath = /bin/sh;
			shellScript = "\"${PODS_ROOT}/Target Support Files/Pods-TinkoffChat/Pods-TinkoffChat-frameworks.sh\"\n";
			showEnvVarsInLog = 0;
		};
		EF97C8D826048D680049B00C /* ShellScript */ = {
			isa = PBXShellScriptBuildPhase;
			buildActionMask = 2147483647;
			files = (
			);
			inputFileListPaths = (
			);
			inputPaths = (
			);
			outputFileListPaths = (
			);
			outputPaths = (
			);
			runOnlyForDeploymentPostprocessing = 0;
			shellPath = /bin/sh;
			shellScript = "if which \"${PODS_ROOT}/SwiftLint/swiftlint\" >/dev/null; then\n    ${PODS_ROOT}/SwiftLint/swiftlint\nelse\n    echo \"warning: SwiftLint not installed, download from https://github.com/realm/SwiftLint\"\nfi\n";
		};
/* End PBXShellScriptBuildPhase section */

/* Begin PBXSourcesBuildPhase section */
		EF08B63825D59BA70050FBA3 /* Sources */ = {
			isa = PBXSourcesBuildPhase;
			buildActionMask = 2147483647;
			files = (
				EFAEA3C52626DC4400397C90 /* ServicesAssembly.swift in Sources */,
				EF835BE625DFB29400906839 /* ProfileViewController.swift in Sources */,
				EFAEA3F92627035F00397C90 /* FirebaseServiceProtocol.swift in Sources */,
				EFEC1DD525FE831E00194752 /* UIViewController+Alerts.swift in Sources */,
				EF7CD05D2600AB8C00EC4F0E /* FileSerializeProtocol.swift in Sources */,
				EF9BB93425F4E803006D013A /* OutgoingMessageImageView.swift in Sources */,
				EFDE1BD025D81E240016BD67 /* Constants.swift in Sources */,
				EFE436B625EC23C100869295 /* ConversationsListViewController.swift in Sources */,
				EFAEA3B42626D63100397C90 /* CoreDataStackProtocol.swift in Sources */,
				EFAEA3E52626EA5600397C90 /* ThemeSwitcherServiceProtocol.swift in Sources */,
				EFE4370125EE2C4A00869295 /* ConversationCellConfiguration.swift in Sources */,
				EFAEA3DF2626E45500397C90 /* DataManager.swift in Sources */,
				EFE436E325ED727000869295 /* MessageType.swift in Sources */,
				EFE436E625ED728A00869295 /* Message.swift in Sources */,
				EF9BB93725F4E83E006D013A /* MessageTextView.swift in Sources */,
				EFAEA3C02626D69A00397C90 /* CoreDataManager.swift in Sources */,
				EF9A27922610F2DF006E0CF8 /* Chat.xcdatamodeld in Sources */,
				EF7CD04F25FF990E00EC4F0E /* UserSettings.swift in Sources */,
				EF9A27962610F4E1006E0CF8 /* CoreDataStack.swift in Sources */,
				EFD1347925F4F21200C398CE /* ThemeTypeView.swift in Sources */,
				EFBF508325F40205004F16C1 /* UserDefaultsCore.swift in Sources */,
				EFAEA42A262756DE00397C90 /* SettingsService.swift in Sources */,
				EF9BB93B25F4E9D8006D013A /* ThemesViewController.swift in Sources */,
				EFAEA3A12626D15B00397C90 /* RootAssembly.swift in Sources */,
				EFEC1DD025FE545600194752 /* ProfileFileStorage.swift in Sources */,
				EF835BE925DFCB4D00906839 /* ImagePicker.swift in Sources */,
				EFAEA4092627165700397C90 /* ConversationsListDataModel.swift in Sources */,
				EF08B64025D59BA70050FBA3 /* AppDelegate.swift in Sources */,
				EF5CB788261E1240009E0EC1 /* ConversationListTableManager.swift in Sources */,
				EF5CB632261DE165009E0EC1 /* ConversationTableManager.swift in Sources */,
				EF24E3242620996900A2B7B9 /* SelectedChannel.swift in Sources */,
				EFAEA40526270F2100397C90 /* FirebaseParserProtocol.swift in Sources */,
				EFEC1DDB25FE8A1800194752 /* UIWindow.swift in Sources */,
				EFCB115E2607B48F004389F4 /* MessageView.swift in Sources */,
				EFD1348F25F51B0E00C398CE /* MainBackgroundView.swift in Sources */,
				EFE436C725ECD86800869295 /* ConversationsListTableViewCell.swift in Sources */,
				EFE436FC25EE2A8000869295 /* MessageCellConfiguration.swift in Sources */,
				EFAEA4302627642800397C90 /* ThemesDataModel.swift in Sources */,
				EF9BB93125F4E773006D013A /* IncomingMessageImageView.swift in Sources */,
				EFEC1DCC25FE3C6800194752 /* UIViewController.swift in Sources */,
				EFEC1DC925FE373600194752 /* Profile.swift in Sources */,
				EF5CB785261E0484009E0EC1 /* MessageDb&MessageCellConfiguration.swift in Sources */,
				EFE436CA25ECE04C00869295 /* Channel.swift in Sources */,
				EFD1348725F517D900C398CE /* MainTitleLabel.swift in Sources */,
				EFD1349225F51D6000C398CE /* CustomButton.swift in Sources */,
				EFE436EA25EE290E00869295 /* MessageCellProtocol.swift in Sources */,
				EFD1349725F53D2C00C398CE /* ThemeControllerBackgroundView.swift in Sources */,
				EFAEA3F12627031500397C90 /* FirebaseService.swift in Sources */,
				EF5CB79C261E1854009E0EC1 /* ChannelDb&ConversationCellConfiguration.swift in Sources */,
				EFE436E025ED71A200869295 /* IncomingMessageTableViewCell.swift in Sources */,
				EFAEA3BB2626D68500397C90 /* CoreDataManagerProtocol.swift in Sources */,
				EF9BB92E25F4DEF3006D013A /* UIColor.swift in Sources */,
				EFAEA3E82626EA7700397C90 /* ThemeSwitcherService.swift in Sources */,
				EFD1348125F5050600C398CE /* ThemeType.swift in Sources */,
				EF835BEC25E0362000906839 /* String.swift in Sources */,
				EF24E321262097F400A2B7B9 /* FetchedResultsControllerDelegate.swift in Sources */,
				EFE436D925ED512900869295 /* OutgoingMessageTableViewCell.swift in Sources */,
				EFD1348C25F5190100C398CE /* SubTitleLabel.swift in Sources */,
				EFAEA38826236F9B00397C90 /* FileStorageProtocol.swift in Sources */,
				EFAEA40F26272D5F00397C90 /* ConversationDataModel.swift in Sources */,
				EFAEA3A72626D1F000397C90 /* PresentationAssembly.swift in Sources */,
				EFAEA3DA2626E3EF00397C90 /* DataManagerProtocol.swift in Sources */,
				EFAEA427262756C100397C90 /* SettingsServiceProtocol.swift in Sources */,
				EFAEA3AB2626D29600397C90 /* PresentationAssemblyProtocol.swift in Sources */,
				EFE436C225EC2BFD00869295 /* ConversationViewController.swift in Sources */,
				EFAEA40126270ED700397C90 /* FirebaseParser.swift in Sources */,
				EFAEA3B02626D55900397C90 /* CoreAssembly.swift in Sources */,
				EFDE1BDD25D82B8F0016BD67 /* NSObjectProtocol.swift in Sources */,
			);
			runOnlyForDeploymentPostprocessing = 0;
		};
/* End PBXSourcesBuildPhase section */

/* Begin PBXVariantGroup section */
		EF08B64A25D59BA80050FBA3 /* LaunchScreen.storyboard */ = {
			isa = PBXVariantGroup;
			children = (
				EF08B64B25D59BA80050FBA3 /* Base */,
			);
			name = LaunchScreen.storyboard;
			sourceTree = "<group>";
		};
/* End PBXVariantGroup section */

/* Begin XCBuildConfiguration section */
		EF08B64E25D59BA80050FBA3 /* Debug */ = {
			isa = XCBuildConfiguration;
			buildSettings = {
				ALWAYS_SEARCH_USER_PATHS = NO;
				CLANG_ANALYZER_NONNULL = YES;
				CLANG_ANALYZER_NUMBER_OBJECT_CONVERSION = YES_AGGRESSIVE;
				CLANG_CXX_LANGUAGE_STANDARD = "gnu++14";
				CLANG_CXX_LIBRARY = "libc++";
				CLANG_ENABLE_MODULES = YES;
				CLANG_ENABLE_OBJC_ARC = YES;
				CLANG_ENABLE_OBJC_WEAK = YES;
				CLANG_WARN_BLOCK_CAPTURE_AUTORELEASING = YES;
				CLANG_WARN_BOOL_CONVERSION = YES;
				CLANG_WARN_COMMA = YES;
				CLANG_WARN_CONSTANT_CONVERSION = YES;
				CLANG_WARN_DEPRECATED_OBJC_IMPLEMENTATIONS = YES;
				CLANG_WARN_DIRECT_OBJC_ISA_USAGE = YES_ERROR;
				CLANG_WARN_DOCUMENTATION_COMMENTS = YES;
				CLANG_WARN_EMPTY_BODY = YES;
				CLANG_WARN_ENUM_CONVERSION = YES;
				CLANG_WARN_INFINITE_RECURSION = YES;
				CLANG_WARN_INT_CONVERSION = YES;
				CLANG_WARN_NON_LITERAL_NULL_CONVERSION = YES;
				CLANG_WARN_OBJC_IMPLICIT_RETAIN_SELF = YES;
				CLANG_WARN_OBJC_LITERAL_CONVERSION = YES;
				CLANG_WARN_OBJC_ROOT_CLASS = YES_ERROR;
				CLANG_WARN_QUOTED_INCLUDE_IN_FRAMEWORK_HEADER = YES;
				CLANG_WARN_RANGE_LOOP_ANALYSIS = YES;
				CLANG_WARN_STRICT_PROTOTYPES = YES;
				CLANG_WARN_SUSPICIOUS_MOVE = YES;
				CLANG_WARN_UNGUARDED_AVAILABILITY = YES_AGGRESSIVE;
				CLANG_WARN_UNREACHABLE_CODE = YES;
				CLANG_WARN__DUPLICATE_METHOD_MATCH = YES;
				COPY_PHASE_STRIP = NO;
				DEBUG_INFORMATION_FORMAT = dwarf;
				ENABLE_STRICT_OBJC_MSGSEND = YES;
				ENABLE_TESTABILITY = YES;
				GCC_C_LANGUAGE_STANDARD = gnu11;
				GCC_DYNAMIC_NO_PIC = NO;
				GCC_NO_COMMON_BLOCKS = YES;
				GCC_OPTIMIZATION_LEVEL = 0;
				GCC_PREPROCESSOR_DEFINITIONS = (
					"DEBUG=1",
					"$(inherited)",
				);
				GCC_WARN_64_TO_32_BIT_CONVERSION = YES;
				GCC_WARN_ABOUT_RETURN_TYPE = YES_ERROR;
				GCC_WARN_UNDECLARED_SELECTOR = YES;
				GCC_WARN_UNINITIALIZED_AUTOS = YES_AGGRESSIVE;
				GCC_WARN_UNUSED_FUNCTION = YES;
				GCC_WARN_UNUSED_VARIABLE = YES;
				IPHONEOS_DEPLOYMENT_TARGET = 14.4;
				MTL_ENABLE_DEBUG_INFO = INCLUDE_SOURCE;
				MTL_FAST_MATH = YES;
				ONLY_ACTIVE_ARCH = YES;
				SDKROOT = iphoneos;
				SWIFT_ACTIVE_COMPILATION_CONDITIONS = DEBUG;
				SWIFT_OPTIMIZATION_LEVEL = "-Onone";
			};
			name = Debug;
		};
		EF08B64F25D59BA80050FBA3 /* Release */ = {
			isa = XCBuildConfiguration;
			buildSettings = {
				ALWAYS_SEARCH_USER_PATHS = NO;
				CLANG_ANALYZER_NONNULL = YES;
				CLANG_ANALYZER_NUMBER_OBJECT_CONVERSION = YES_AGGRESSIVE;
				CLANG_CXX_LANGUAGE_STANDARD = "gnu++14";
				CLANG_CXX_LIBRARY = "libc++";
				CLANG_ENABLE_MODULES = YES;
				CLANG_ENABLE_OBJC_ARC = YES;
				CLANG_ENABLE_OBJC_WEAK = YES;
				CLANG_WARN_BLOCK_CAPTURE_AUTORELEASING = YES;
				CLANG_WARN_BOOL_CONVERSION = YES;
				CLANG_WARN_COMMA = YES;
				CLANG_WARN_CONSTANT_CONVERSION = YES;
				CLANG_WARN_DEPRECATED_OBJC_IMPLEMENTATIONS = YES;
				CLANG_WARN_DIRECT_OBJC_ISA_USAGE = YES_ERROR;
				CLANG_WARN_DOCUMENTATION_COMMENTS = YES;
				CLANG_WARN_EMPTY_BODY = YES;
				CLANG_WARN_ENUM_CONVERSION = YES;
				CLANG_WARN_INFINITE_RECURSION = YES;
				CLANG_WARN_INT_CONVERSION = YES;
				CLANG_WARN_NON_LITERAL_NULL_CONVERSION = YES;
				CLANG_WARN_OBJC_IMPLICIT_RETAIN_SELF = YES;
				CLANG_WARN_OBJC_LITERAL_CONVERSION = YES;
				CLANG_WARN_OBJC_ROOT_CLASS = YES_ERROR;
				CLANG_WARN_QUOTED_INCLUDE_IN_FRAMEWORK_HEADER = YES;
				CLANG_WARN_RANGE_LOOP_ANALYSIS = YES;
				CLANG_WARN_STRICT_PROTOTYPES = YES;
				CLANG_WARN_SUSPICIOUS_MOVE = YES;
				CLANG_WARN_UNGUARDED_AVAILABILITY = YES_AGGRESSIVE;
				CLANG_WARN_UNREACHABLE_CODE = YES;
				CLANG_WARN__DUPLICATE_METHOD_MATCH = YES;
				COPY_PHASE_STRIP = NO;
				DEBUG_INFORMATION_FORMAT = "dwarf-with-dsym";
				ENABLE_NS_ASSERTIONS = NO;
				ENABLE_STRICT_OBJC_MSGSEND = YES;
				GCC_C_LANGUAGE_STANDARD = gnu11;
				GCC_NO_COMMON_BLOCKS = YES;
				GCC_WARN_64_TO_32_BIT_CONVERSION = YES;
				GCC_WARN_ABOUT_RETURN_TYPE = YES_ERROR;
				GCC_WARN_UNDECLARED_SELECTOR = YES;
				GCC_WARN_UNINITIALIZED_AUTOS = YES_AGGRESSIVE;
				GCC_WARN_UNUSED_FUNCTION = YES;
				GCC_WARN_UNUSED_VARIABLE = YES;
				IPHONEOS_DEPLOYMENT_TARGET = 14.4;
				MTL_ENABLE_DEBUG_INFO = NO;
				MTL_FAST_MATH = YES;
				SDKROOT = iphoneos;
				SWIFT_COMPILATION_MODE = wholemodule;
				SWIFT_OPTIMIZATION_LEVEL = "-O";
				VALIDATE_PRODUCT = YES;
			};
			name = Release;
		};
		EF08B65125D59BA80050FBA3 /* Debug */ = {
			isa = XCBuildConfiguration;
			baseConfigurationReference = 7BA717A9282415C1079B5B90 /* Pods-TinkoffChat.debug.xcconfig */;
			buildSettings = {
				ASSETCATALOG_COMPILER_APPICON_NAME = AppIcon;
				ASSETCATALOG_COMPILER_GLOBAL_ACCENT_COLOR_NAME = AccentColor;
				CODE_SIGN_STYLE = Automatic;
				DEVELOPMENT_TEAM = HNZG8PLWWM;
				INFOPLIST_FILE = TinkoffChat/Resources/Info.plist;
				IPHONEOS_DEPLOYMENT_TARGET = 12.1;
				LD_RUNPATH_SEARCH_PATHS = (
					"$(inherited)",
					"@executable_path/Frameworks",
				);
				OTHER_SWIFT_FLAGS = "-D DEBUG";
				PRODUCT_BUNDLE_IDENTIFIER = ru.tinkoff.TinkoffChat;
				PRODUCT_NAME = "$(TARGET_NAME)";
				SWIFT_ACTIVE_COMPILATION_CONDITIONS = DEBUG;
				SWIFT_VERSION = 5.0;
				TARGETED_DEVICE_FAMILY = 1;
			};
			name = Debug;
		};
		EF08B65225D59BA80050FBA3 /* Release */ = {
			isa = XCBuildConfiguration;
			baseConfigurationReference = D6E552369322AD319156B4D3 /* Pods-TinkoffChat.release.xcconfig */;
			buildSettings = {
				ASSETCATALOG_COMPILER_APPICON_NAME = AppIcon;
				ASSETCATALOG_COMPILER_GLOBAL_ACCENT_COLOR_NAME = AccentColor;
				CODE_SIGN_STYLE = Automatic;
				DEVELOPMENT_TEAM = HNZG8PLWWM;
				INFOPLIST_FILE = TinkoffChat/Resources/Info.plist;
				IPHONEOS_DEPLOYMENT_TARGET = 12.1;
				LD_RUNPATH_SEARCH_PATHS = (
					"$(inherited)",
					"@executable_path/Frameworks",
				);
				PRODUCT_BUNDLE_IDENTIFIER = ru.tinkoff.TinkoffChat;
				PRODUCT_NAME = "$(TARGET_NAME)";
				SWIFT_VERSION = 5.0;
				TARGETED_DEVICE_FAMILY = 1;
			};
			name = Release;
		};
/* End XCBuildConfiguration section */

/* Begin XCConfigurationList section */
		EF08B63725D59BA70050FBA3 /* Build configuration list for PBXProject "TinkoffChat" */ = {
			isa = XCConfigurationList;
			buildConfigurations = (
				EF08B64E25D59BA80050FBA3 /* Debug */,
				EF08B64F25D59BA80050FBA3 /* Release */,
			);
			defaultConfigurationIsVisible = 0;
			defaultConfigurationName = Release;
		};
		EF08B65025D59BA80050FBA3 /* Build configuration list for PBXNativeTarget "TinkoffChat" */ = {
			isa = XCConfigurationList;
			buildConfigurations = (
				EF08B65125D59BA80050FBA3 /* Debug */,
				EF08B65225D59BA80050FBA3 /* Release */,
			);
			defaultConfigurationIsVisible = 0;
			defaultConfigurationName = Release;
		};
/* End XCConfigurationList section */

/* Begin XCVersionGroup section */
		EF9A27902610F2DF006E0CF8 /* Chat.xcdatamodeld */ = {
			isa = XCVersionGroup;
			children = (
				EF9A27912610F2DF006E0CF8 /* Chat.xcdatamodel */,
			);
			currentVersion = EF9A27912610F2DF006E0CF8 /* Chat.xcdatamodel */;
			path = Chat.xcdatamodeld;
			sourceTree = "<group>";
			versionGroupType = wrapper.xcdatamodel;
		};
/* End XCVersionGroup section */
	};
	rootObject = EF08B63425D59BA70050FBA3 /* Project object */;
}
